{
  "name": "rss-autopost-twitter",
  "version": "1.0.0",
  "lockfileVersion": 2,
  "requires": true,
  "packages": {
    "": {
      "name": "rss-autopost-twitter",
      "version": "1.0.0",
      "license": "ISC",
      "dependencies": {
        "cron": "^2.3.0",
        "dotenv": "^16.0.3",
        "rss-parser": "^3.12.0",
        "twitter": "^1.1.0"
      }
    },
    "node_modules/cookies": {
      "version": "0.8.0",
      "resolved": "https://registry.npmjs.org/cookies/-/cookies-0.8.0.tgz",
      "integrity": "sha512-8aPsApQfebXnuI+537McwYsDtjVxGm8gTIzQI3FDW6t5t/DAhERxtnbEPN/8RX+uZthoz4eCOgloXaE5cYyNow==",
      "dependencies": {
        "depd": "~2.0.0",
        "keygrip": "~1.1.0"
      },
      "engines": {
        "node": ">= 0.8"
      }
    },
    "node_modules/cron": {
      "version": "2.3.0",
      "resolved": "https://registry.npmjs.org/cron/-/cron-2.3.0.tgz",
      "integrity": "sha512-ZN5HP8zDY41sJolMsbc+GksRATcbvkPKF5wR/qc8FrV4NBVi9ORQa1HmYa5GydaysUB80X9XpRlRkooa5uEtTA==",
      "dependencies": {
        "luxon": "^3.2.1"
      }
    },
    "node_modules/depd": {
      "version": "2.0.0",
      "resolved": "https://registry.npmjs.org/depd/-/depd-2.0.0.tgz",
      "integrity": "sha512-g7nH6P6dyDioJogAAGprGpCtVImJhpPk/roCzdb3fIh61/s/nPsfR6onyMwkCAR/OlC3yBC0lESvUoQEAssIrw==",
      "engines": {
        "node": ">= 0.8"
      }
    },
    "node_modules/dotenv": {
      "version": "16.0.3",
      "resolved": "https://registry.npmjs.org/dotenv/-/dotenv-16.0.3.tgz",
      "integrity": "sha512-7GO6HghkA5fYG9TYnNxi14/7K9f5occMlp3zXAuSxn7CKCxt9xbNWG7yF8hTCSUchlfWSe3uLmlPfigevRItzQ==",
      "engines": {
        "node": ">=12"
      }
    },
    "node_modules/entities": {
      "version": "2.2.0",
      "resolved": "https://registry.npmjs.org/entities/-/entities-2.2.0.tgz",
      "integrity": "sha512-p92if5Nz619I0w+akJrLZH0MX0Pb5DX39XOwQTtXSdQQOaYH03S1uIQp4mhOZtAXrxq4ViO67YTiLBo2638o9A==",
      "funding": {
        "url": "https://github.com/fb55/entities?sponsor=1"
      }
    },
    "node_modules/keygrip": {
      "version": "1.1.0",
      "resolved": "https://registry.npmjs.org/keygrip/-/keygrip-1.1.0.tgz",
      "integrity": "sha512-iYSchDJ+liQ8iwbSI2QqsQOvqv58eJCEanyJPJi+Khyu8smkcKSFUCbPwzFcL7YVtZ6eONjqRX/38caJ7QjRAQ==",
      "dependencies": {
        "tsscmp": "1.0.6"
      },
      "engines": {
        "node": ">= 0.6"
      }
    },
    "node_modules/luxon": {
      "version": "3.3.0",
      "resolved": "https://registry.npmjs.org/luxon/-/luxon-3.3.0.tgz",
      "integrity": "sha512-An0UCfG/rSiqtAIiBPO0Y9/zAnHUZxAMiCpTd5h2smgsj7GGmcenvrvww2cqNA8/4A5ZrD1gJpHN2mIHZQF+Mg==",
      "engines": {
        "node": ">=12"
      }
    },
    "node_modules/oauth": {
      "version": "0.10.0",
      "resolved": "https://registry.npmjs.org/oauth/-/oauth-0.10.0.tgz",
      "integrity": "sha512-1orQ9MT1vHFGQxhuy7E/0gECD3fd2fCC+PIX+/jgmU/gI3EpRocXtmtvxCO5x3WZ443FLTLFWNDjl5MPJf9u+Q=="
    },
    "node_modules/rss-parser": {
      "version": "3.12.0",
      "resolved": "https://registry.npmjs.org/rss-parser/-/rss-parser-3.12.0.tgz",
      "integrity": "sha512-aqD3E8iavcCdkhVxNDIdg1nkBI17jgqF+9OqPS1orwNaOgySdpvq6B+DoONLhzjzwV8mWg37sb60e4bmLK117A==",
      "dependencies": {
        "entities": "^2.0.3",
        "xml2js": "^0.4.19"
      }
    },
    "node_modules/sax": {
      "version": "1.2.4",
      "resolved": "https://registry.npmjs.org/sax/-/sax-1.2.4.tgz",
      "integrity": "sha512-NqVDv9TpANUjFm0N8uM5GxL36UgKi9/atZw+x7YFnQ8ckwFGKrl4xX4yWtrey3UJm5nP1kUbnYgLopqWNSRhWw=="
    },
    "node_modules/tsscmp": {
      "version": "1.0.6",
      "resolved": "https://registry.npmjs.org/tsscmp/-/tsscmp-1.0.6.tgz",
      "integrity": "sha512-LxhtAkPDTkVCMQjt2h6eBVY28KCjikZqZfMcC15YBeNjkgUpdCfBu5HoiOTDu86v6smE8yOjyEktJ8hlbANHQA==",
      "engines": {
        "node": ">=0.6.x"
      }
    },
    "node_modules/twitter": {
      "version": "1.1.0",
      "resolved": "https://registry.npmjs.org/twitter/-/twitter-1.1.0.tgz",
      "integrity": "sha512-Fyrm0b91s+WogtJ0TAImIp8xg8w85Ud8AGMzD+mSuN3/Jz9fNi986P59PkdGXcJAyNy1iz2nRJdkjAOBsW3DaQ==",
      "engines": [
        "node >=0.2.0"
      ],
      "dependencies": {
        "cookies": ">=0.1.6",
        "keygrip": ">=0.1.7",
        "oauth": ">=0.8.4"
      }
    },
    "node_modules/xml2js": {
      "version": "0.4.23",
      "resolved": "https://registry.npmjs.org/xml2js/-/xml2js-0.4.23.tgz",
      "integrity": "sha512-ySPiMjM0+pLDftHgXY4By0uswI3SPKLDw/i3UXbnO8M/p28zqexCUoPmQFrYD+/1BzhGJSs2i1ERWKJAtiLrug==",
      "dependencies": {
        "sax": ">=0.6.0",
        "xmlbuilder": "~11.0.0"
      },
      "engines": {
        "node": ">=4.0.0"
      }
    },
    "node_modules/xmlbuilder": {
      "version": "11.0.1",
      "resolved": "https://registry.npmjs.org/xmlbuilder/-/xmlbuilder-11.0.1.tgz",
      "integrity": "sha512-fDlsI/kFEx7gLvbecc0/ohLG50fugQp8ryHzMTuW9vSa1GJ0XYWKnhsUx7oie3G98+r56aTQIUB4kht42R3JvA==",
      "engines": {
        "node": ">=4.0"
      }
    }
  },
  "dependencies": {
    "cookies": {
      "version": "0.8.0",
      "resolved": "https://registry.npmjs.org/cookies/-/cookies-0.8.0.tgz",
      "integrity": "sha512-8aPsApQfebXnuI+537McwYsDtjVxGm8gTIzQI3FDW6t5t/DAhERxtnbEPN/8RX+uZthoz4eCOgloXaE5cYyNow==",
      "requires": {
        "depd": "~2.0.0",
        "keygrip": "~1.1.0"
      }
    },
    "cron": {
      "version": "2.3.0",
      "resolved": "https://registry.npmjs.org/cron/-/cron-2.3.0.tgz",
      "integrity": "sha512-ZN5HP8zDY41sJolMsbc+GksRATcbvkPKF5wR/qc8FrV4NBVi9ORQa1HmYa5GydaysUB80X9XpRlRkooa5uEtTA==",
      "requires": {
        "luxon": "^3.2.1"
      }
    },
    "depd": {
      "version": "2.0.0",
      "resolved": "https://registry.npmjs.org/depd/-/depd-2.0.0.tgz",
      "integrity": "sha512-g7nH6P6dyDioJogAAGprGpCtVImJhpPk/roCzdb3fIh61/s/nPsfR6onyMwkCAR/OlC3yBC0lESvUoQEAssIrw=="
    },
    "dotenv": {
      "version": "16.0.3",
      "resolved": "https://registry.npmjs.org/dotenv/-/dotenv-16.0.3.tgz",
      "integrity": "sha512-7GO6HghkA5fYG9TYnNxi14/7K9f5occMlp3zXAuSxn7CKCxt9xbNWG7yF8hTCSUchlfWSe3uLmlPfigevRItzQ=="
    },
    "entities": {
      "version": "2.2.0",
      "resolved": "https://registry.npmjs.org/entities/-/entities-2.2.0.tgz",
      "integrity": "sha512-p92if5Nz619I0w+akJrLZH0MX0Pb5DX39XOwQTtXSdQQOaYH03S1uIQp4mhOZtAXrxq4ViO67YTiLBo2638o9A=="
    },
    "keygrip": {
      "version": "1.1.0",
      "resolved": "https://registry.npmjs.org/keygrip/-/keygrip-1.1.0.tgz",
      "integrity": "sha512-iYSchDJ+liQ8iwbSI2QqsQOvqv58eJCEanyJPJi+Khyu8smkcKSFUCbPwzFcL7YVtZ6eONjqRX/38caJ7QjRAQ==",
      "requires": {
        "tsscmp": "1.0.6"
      }
    },
    "luxon": {
      "version": "3.3.0",
      "resolved": "https://registry.npmjs.org/luxon/-/luxon-3.3.0.tgz",
      "integrity": "sha512-An0UCfG/rSiqtAIiBPO0Y9/zAnHUZxAMiCpTd5h2smgsj7GGmcenvrvww2cqNA8/4A5ZrD1gJpHN2mIHZQF+Mg=="
    },
    "oauth": {
      "version": "0.10.0",
      "resolved": "https://registry.npmjs.org/oauth/-/oauth-0.10.0.tgz",
      "integrity": "sha512-1orQ9MT1vHFGQxhuy7E/0gECD3fd2fCC+PIX+/jgmU/gI3EpRocXtmtvxCO5x3WZ443FLTLFWNDjl5MPJf9u+Q=="
    },
    "rss-parser": {
      "version": "3.12.0",
      "resolved": "https://registry.npmjs.org/rss-parser/-/rss-parser-3.12.0.tgz",
      "integrity": "sha512-aqD3E8iavcCdkhVxNDIdg1nkBI17jgqF+9OqPS1orwNaOgySdpvq6B+DoONLhzjzwV8mWg37sb60e4bmLK117A==",
      "requires": {
        "entities": "^2.0.3",
        "xml2js": "^0.4.19"
      }
    },
    "sax": {
      "version": "1.2.4",
      "resolved": "https://registry.npmjs.org/sax/-/sax-1.2.4.tgz",
      "integrity": "sha512-NqVDv9TpANUjFm0N8uM5GxL36UgKi9/atZw+x7YFnQ8ckwFGKrl4xX4yWtrey3UJm5nP1kUbnYgLopqWNSRhWw=="
    },
    "tsscmp": {
      "version": "1.0.6",
      "resolved": "https://registry.npmjs.org/tsscmp/-/tsscmp-1.0.6.tgz",
      "integrity": "sha512-LxhtAkPDTkVCMQjt2h6eBVY28KCjikZqZfMcC15YBeNjkgUpdCfBu5HoiOTDu86v6smE8yOjyEktJ8hlbANHQA=="
    },
    "twitter": {
      "version": "1.1.0",
      "resolved": "https://registry.npmjs.org/twitter/-/twitter-1.1.0.tgz",
      "integrity": "sha512-Fyrm0b91s+WogtJ0TAImIp8xg8w85Ud8AGMzD+mSuN3/Jz9fNi986P59PkdGXcJAyNy1iz2nRJdkjAOBsW3DaQ==",
      "requires": {
        "cookies": ">=0.1.6",
        "keygrip": ">=0.1.7",
        "oauth": ">=0.8.4"
      }
    },
    "xml2js": {
      "version": "0.4.23",
      "resolved": "https://registry.npmjs.org/xml2js/-/xml2js-0.4.23.tgz",
      "integrity": "sha512-ySPiMjM0+pLDftHgXY4By0uswI3SPKLDw/i3UXbnO8M/p28zqexCUoPmQFrYD+/1BzhGJSs2i1ERWKJAtiLrug==",
      "requires": {
        "sax": ">=0.6.0",
        "xmlbuilder": "~11.0.0"
      }
    },
    "xmlbuilder": {
      "version": "11.0.1",
      "resolved": "https://registry.npmjs.org/xmlbuilder/-/xmlbuilder-11.0.1.tgz",
      "integrity": "sha512-fDlsI/kFEx7gLvbecc0/ohLG50fugQp8ryHzMTuW9vSa1GJ0XYWKnhsUx7oie3G98+r56aTQIUB4kht42R3JvA=="
    }
  }
}
